
Microsoft Visual Studio Solution File, Format Version 12.00
# Visual Studio Version 17
VisualStudioVersion = 17.13.35825.156 d17.13
MinimumVisualStudioVersion = 10.0.40219.1
Project("{FAE04EC0-301F-11D3-BF4B-00C04F79EFBC}") = "Lab_21", "Lab_21.csproj", "{0660C553-A4CA-4017-842A-10EB10B82197}"
EndProject
Global
	GlobalSection(SolutionConfigurationPlatforms) = preSolution
		Debug|Any CPU = Debug|Any CPU
		Release|Any CPU = Release|Any CPU
	EndGlobalSection
	GlobalSection(ProjectConfigurationPlatforms) = postSolution
		{0660C553-A4CA-4017-842A-10EB10B82197}.Debug|Any CPU.ActiveCfg = Debug|Any CPU
		{0660C553-A4CA-4017-842A-10EB10B82197}.Debug|Any CPU.Build.0 = Debug|Any CPU
		{0660C553-A4CA-4017-842A-10EB10B82197}.Release|Any CPU.ActiveCfg = Release|Any CPU
		{0660C553-A4CA-4017-842A-10EB10B82197}.Release|Any CPU.Build.0 = Release|Any CPU
	EndGlobalSection
	GlobalSection(SolutionProperties) = preSolution
		HideSolutionNode = FALSE
	EndGlobalSection
	GlobalSection(ExtensibilityGlobals) = postSolution
		SolutionGuid = {91ACB574-B428-48FA-8DD4-6876800D7F22}
	EndGlobalSection
EndGlobal
