
Microsoft Visual Studio Solution File, Format Version 12.00
# Visual Studio Version 17
VisualStudioVersion = 17.13.35825.156 d17.13
MinimumVisualStudioVersion = 10.0.40219.1
Project("{FAE04EC0-301F-11D3-BF4B-00C04F79EFBC}") = "Lab_13", "Lab_13.csproj", "{1604C827-782D-4C31-B003-6EC2D1400893}"
EndProject
Global
	GlobalSection(SolutionConfigurationPlatforms) = preSolution
		Debug|Any CPU = Debug|Any CPU
		Release|Any CPU = Release|Any CPU
	EndGlobalSection
	GlobalSection(ProjectConfigurationPlatforms) = postSolution
		{1604C827-782D-4C31-B003-6EC2D1400893}.Debug|Any CPU.ActiveCfg = Debug|Any CPU
		{1604C827-782D-4C31-B003-6EC2D1400893}.Debug|Any CPU.Build.0 = Debug|Any CPU
		{1604C827-782D-4C31-B003-6EC2D1400893}.Release|Any CPU.ActiveCfg = Release|Any CPU
		{1604C827-782D-4C31-B003-6EC2D1400893}.Release|Any CPU.Build.0 = Release|Any CPU
	EndGlobalSection
	GlobalSection(SolutionProperties) = preSolution
		HideSolutionNode = FALSE
	EndGlobalSection
	GlobalSection(ExtensibilityGlobals) = postSolution
		SolutionGuid = {3B54268D-3D12-41E9-BDEC-80854C4CDED2}
	EndGlobalSection
EndGlobal
