
Microsoft Visual Studio Solution File, Format Version 12.00
# Visual Studio Version 17
VisualStudioVersion = 17.13.35825.156 d17.13
MinimumVisualStudioVersion = 10.0.40219.1
Project("{FAE04EC0-301F-11D3-BF4B-00C04F79EFBC}") = "Lab_11", "Lab_11.csproj", "{A70EE1E9-FC5B-4DD1-8847-1E09A8AEAC9E}"
EndProject
Global
	GlobalSection(SolutionConfigurationPlatforms) = preSolution
		Debug|Any CPU = Debug|Any CPU
		Release|Any CPU = Release|Any CPU
	EndGlobalSection
	GlobalSection(ProjectConfigurationPlatforms) = postSolution
		{A70EE1E9-FC5B-4DD1-8847-1E09A8AEAC9E}.Debug|Any CPU.ActiveCfg = Debug|Any CPU
		{A70EE1E9-FC5B-4DD1-8847-1E09A8AEAC9E}.Debug|Any CPU.Build.0 = Debug|Any CPU
		{A70EE1E9-FC5B-4DD1-8847-1E09A8AEAC9E}.Release|Any CPU.ActiveCfg = Release|Any CPU
		{A70EE1E9-FC5B-4DD1-8847-1E09A8AEAC9E}.Release|Any CPU.Build.0 = Release|Any CPU
	EndGlobalSection
	GlobalSection(SolutionProperties) = preSolution
		HideSolutionNode = FALSE
	EndGlobalSection
	GlobalSection(ExtensibilityGlobals) = postSolution
		SolutionGuid = {F94A2367-6205-4180-BEAF-D0F6F73BE2F7}
	EndGlobalSection
EndGlobal
