
Microsoft Visual Studio Solution File, Format Version 12.00
# Visual Studio Version 17
VisualStudioVersion = 17.13.35825.156 d17.13
MinimumVisualStudioVersion = 10.0.40219.1
Project("{FAE04EC0-301F-11D3-BF4B-00C04F79EFBC}") = "Lab_14", "Lab_14.csproj", "{7C7D9BB3-B3FC-44F3-BA6E-9CA6F7FDAAF3}"
EndProject
Global
	GlobalSection(SolutionConfigurationPlatforms) = preSolution
		Debug|Any CPU = Debug|Any CPU
		Release|Any CPU = Release|Any CPU
	EndGlobalSection
	GlobalSection(ProjectConfigurationPlatforms) = postSolution
		{7C7D9BB3-B3FC-44F3-BA6E-9CA6F7FDAAF3}.Debug|Any CPU.ActiveCfg = Debug|Any CPU
		{7C7D9BB3-B3FC-44F3-BA6E-9CA6F7FDAAF3}.Debug|Any CPU.Build.0 = Debug|Any CPU
		{7C7D9BB3-B3FC-44F3-BA6E-9CA6F7FDAAF3}.Release|Any CPU.ActiveCfg = Release|Any CPU
		{7C7D9BB3-B3FC-44F3-BA6E-9CA6F7FDAAF3}.Release|Any CPU.Build.0 = Release|Any CPU
	EndGlobalSection
	GlobalSection(SolutionProperties) = preSolution
		HideSolutionNode = FALSE
	EndGlobalSection
	GlobalSection(ExtensibilityGlobals) = postSolution
		SolutionGuid = {F86D5BF5-C356-40B9-AB13-B119023E802E}
	EndGlobalSection
EndGlobal
