
Microsoft Visual Studio Solution File, Format Version 12.00
# Visual Studio Version 17
VisualStudioVersion = 17.13.35825.156 d17.13
MinimumVisualStudioVersion = 10.0.40219.1
Project("{FAE04EC0-301F-11D3-BF4B-00C04F79EFBC}") = "Lab_10", "Lab_10.csproj", "{B8EB3EF6-9CA3-4CAF-B2F9-D76BA5443F11}"
EndProject
Global
	GlobalSection(SolutionConfigurationPlatforms) = preSolution
		Debug|Any CPU = Debug|Any CPU
		Release|Any CPU = Release|Any CPU
	EndGlobalSection
	GlobalSection(ProjectConfigurationPlatforms) = postSolution
		{B8EB3EF6-9CA3-4CAF-B2F9-D76BA5443F11}.Debug|Any CPU.ActiveCfg = Debug|Any CPU
		{B8EB3EF6-9CA3-4CAF-B2F9-D76BA5443F11}.Debug|Any CPU.Build.0 = Debug|Any CPU
		{B8EB3EF6-9CA3-4CAF-B2F9-D76BA5443F11}.Release|Any CPU.ActiveCfg = Release|Any CPU
		{B8EB3EF6-9CA3-4CAF-B2F9-D76BA5443F11}.Release|Any CPU.Build.0 = Release|Any CPU
	EndGlobalSection
	GlobalSection(SolutionProperties) = preSolution
		HideSolutionNode = FALSE
	EndGlobalSection
	GlobalSection(ExtensibilityGlobals) = postSolution
		SolutionGuid = {6BA37626-F2F0-45B6-B8A0-D49751B31B32}
	EndGlobalSection
EndGlobal
