
Microsoft Visual Studio Solution File, Format Version 12.00
# Visual Studio Version 17
VisualStudioVersion = 17.13.35825.156 d17.13
MinimumVisualStudioVersion = 10.0.40219.1
Project("{FAE04EC0-301F-11D3-BF4B-00C04F79EFBC}") = "lab_6", "lab_6.csproj", "{FCEDDBBA-6A8C-4683-AC54-71A665C6EEC0}"
EndProject
Global
	GlobalSection(SolutionConfigurationPlatforms) = preSolution
		Debug|Any CPU = Debug|Any CPU
		Release|Any CPU = Release|Any CPU
	EndGlobalSection
	GlobalSection(ProjectConfigurationPlatforms) = postSolution
		{FCEDDBBA-6A8C-4683-AC54-71A665C6EEC0}.Debug|Any CPU.ActiveCfg = Debug|Any CPU
		{FCEDDBBA-6A8C-4683-AC54-71A665C6EEC0}.Debug|Any CPU.Build.0 = Debug|Any CPU
		{FCEDDBBA-6A8C-4683-AC54-71A665C6EEC0}.Release|Any CPU.ActiveCfg = Release|Any CPU
		{FCEDDBBA-6A8C-4683-AC54-71A665C6EEC0}.Release|Any CPU.Build.0 = Release|Any CPU
	EndGlobalSection
	GlobalSection(SolutionProperties) = preSolution
		HideSolutionNode = FALSE
	EndGlobalSection
	GlobalSection(ExtensibilityGlobals) = postSolution
		SolutionGuid = {674B8279-FC94-46FC-9403-60E7B6F55A41}
	EndGlobalSection
EndGlobal
