
Microsoft Visual Studio Solution File, Format Version 12.00
# Visual Studio Version 17
VisualStudioVersion = 17.13.35825.156 d17.13
MinimumVisualStudioVersion = 10.0.40219.1
Project("{FAE04EC0-301F-11D3-BF4B-00C04F79EFBC}") = "Lab_15", "Lab_15.csproj", "{C885F0DF-0FAB-4EC9-A3B2-0563054AF3B5}"
EndProject
Global
	GlobalSection(SolutionConfigurationPlatforms) = preSolution
		Debug|Any CPU = Debug|Any CPU
		Release|Any CPU = Release|Any CPU
	EndGlobalSection
	GlobalSection(ProjectConfigurationPlatforms) = postSolution
		{C885F0DF-0FAB-4EC9-A3B2-0563054AF3B5}.Debug|Any CPU.ActiveCfg = Debug|Any CPU
		{C885F0DF-0FAB-4EC9-A3B2-0563054AF3B5}.Debug|Any CPU.Build.0 = Debug|Any CPU
		{C885F0DF-0FAB-4EC9-A3B2-0563054AF3B5}.Release|Any CPU.ActiveCfg = Release|Any CPU
		{C885F0DF-0FAB-4EC9-A3B2-0563054AF3B5}.Release|Any CPU.Build.0 = Release|Any CPU
	EndGlobalSection
	GlobalSection(SolutionProperties) = preSolution
		HideSolutionNode = FALSE
	EndGlobalSection
	GlobalSection(ExtensibilityGlobals) = postSolution
		SolutionGuid = {11277B8D-85E5-40C7-B711-5398E4C51A4E}
	EndGlobalSection
EndGlobal
